PODS:
  - FLAnimatedImage (1.0.8)
  - SDWebImage (3.7.2):
    - SDWebImage/Core (= 3.7.2)
  - SDWebImage/Core (3.7.2)

DEPENDENCIES:
  - FLAnimatedImage (~> 1.0)
  - SDWebImage

SPEC CHECKSUMS:
  FLAnimatedImage: f9422f796135aff80d8c00b2afc48015bb746e24
  SDWebImage: 71b7cdc1d1721d6a82ed62889030225f2c249e29

COCOAPODS: 0.36.0.rc.1
