PODS:
  - FLAnimatedImage (1.0.11)
  - SDWebImage (3.7.5):
    - SDWebImage/Core (= 3.7.5)
  - SDWebImage/Core (3.7.5)

DEPENDENCIES:
  - FLAnimatedImage (~> 1.0)
  - SDWebImage

SPEC CHECKSUMS:
  FLAnimatedImage: 8c79566df04f8ff07438076cea43839f7dcd261c
  SDWebImage: 69c6303e3348fba97e03f65d65d4fbc26740f461

COCOAPODS: 0.39.0
